// !$*UTF8*$!
{
	archiveVersion = 1;
	classes = {
	};
	objectVersion = 56;
	objects = {

/* Begin PBXBuildFile section */
		00C7AF0A1B3F49E0AE677667 /* AppSettings.swift in Sources */ = {isa = PBXBuildFile; fileRef = 9E122CF63C8228B5253507B9 /* AppSettings.swift */; };
		025BD0C09F892017B0905313 /* SpeechBubbleView.swift in Sources */ = {isa = PBXBuildFile; fileRef = BAB413DD022C0FBCA6737FE1 /* SpeechBubbleView.swift */; };
		02E848A4CBCC09B523E2F137 /* WidgetWindowController.swift in Sources */ = {isa = PBXBuildFile; fileRef = E21F5FD05AA99EEB71B181D9 /* WidgetWindowController.swift */; };
		53193F7C796C0DF7E47CDBE6 /* WindowDragHandle.swift in Sources */ = {isa = PBXBuildFile; fileRef = 3E3B070A56538C969DFEB3BD /* WindowDragHandle.swift */; };
		5901B6D2B5C1EF69AC0E9985 /* StatusBarController.swift in Sources */ = {isa = PBXBuildFile; fileRef = E137CA2D7612D4C1FB622926 /* StatusBarController.swift */; };
		61DC49D22FF046960037B734 /* Look_awayApp.swift in Sources */ = {isa = PBXBuildFile; fileRef = 61DC49D12FF046960037B734 /* Look_awayApp.swift */; };
		61DC49D62FF0469A0037B734 /* Assets.xcassets in Resources */ = {isa = PBXBuildFile; fileRef = 61DC49D52FF0469A0037B734 /* Assets.xcassets */; };
		61DC49D92FF0469A0037B734 /* Preview Assets.xcassets in Resources */ = {isa = PBXBuildFile; fileRef = 61DC49D82FF0469A0037B734 /* Preview Assets.xcassets */; };
		61DC49E42FF0469A0037B734 /* Look_awayTests.swift in Sources */ = {isa = PBXBuildFile; fileRef = 61DC49E32FF0469A0037B734 /* Look_awayTests.swift */; };
		61DC49EE2FF0469A0037B734 /* Look_awayUITests.swift in Sources */ = {isa = PBXBuildFile; fileRef = 61DC49ED2FF0469A0037B734 /* Look_awayUITests.swift */; };
		61DC49F02FF0469A0037B734 /* Look_awayUITestsLaunchTests.swift in Sources */ = {isa = PBXBuildFile; fileRef = 61DC49EF2FF0469A0037B734 /* Look_awayUITestsLaunchTests.swift */; };
		6CA287EDE34A81A5085F2BCB /* ReminderManager.swift in Sources */ = {isa = PBXBuildFile; fileRef = 154DF5E5469B8F736AF388F4 /* ReminderManager.swift */; };
		85DBB6FA9237C60597DFAEAE /* ReminderInterval.swift in Sources */ = {isa = PBXBuildFile; fileRef = 15FA3DDB616A1046EE66C073 /* ReminderInterval.swift */; };
		86963C9D6302C69DBC18326C /* WidgetEdge.swift in Sources */ = {isa = PBXBuildFile; fileRef = 3DA3FAF8FCED16A59399FE1E /* WidgetEdge.swift */; };
		3EC9B771D22C468F89ED2D06 /* WidgetShape.swift in Sources */ = {isa = PBXBuildFile; fileRef = 9EEACBC31FCA4D1E877ACE55 /* WidgetShape.swift */; };
		C726223264FF4ACFA8142354 /* WidgetColorOption.swift in Sources */ = {isa = PBXBuildFile; fileRef = A92753A783764BC3A1E440AC /* WidgetColorOption.swift */; };
		9277CE583CB5F1AEE9706068 /* WidgetView.swift in Sources */ = {isa = PBXBuildFile; fileRef = E76270ABE2536D1C61692597 /* WidgetView.swift */; };
		C668732058B9F4BBFC760939 /* AppDelegate.swift in Sources */ = {isa = PBXBuildFile; fileRef = 158F7B0C6B4B0BE439595FC3 /* AppDelegate.swift */; };
		DBE0F1E50322F1C4FD2462DD /* LaunchAtLoginManager.swift in Sources */ = {isa = PBXBuildFile; fileRef = B2867F8FA581FC5F3A03FA4B /* LaunchAtLoginManager.swift */; };
		DE83212C2BF3D13B61D0576B /* EyesView.swift in Sources */ = {isa = PBXBuildFile; fileRef = E1453A27837F4B69FA20280E /* EyesView.swift */; };
/* End PBXBuildFile section */

/* Begin PBXContainerItemProxy section */
		61DC49E02FF0469A0037B734 /* PBXContainerItemProxy */ = {
			isa = PBXContainerItemProxy;
			containerPortal = 61DC49C62FF046960037B734 /* Project object */;
			proxyType = 1;
			remoteGlobalIDString = 61DC49CD2FF046960037B734;
			remoteInfo = Look_away;
		};
		61DC49EA2FF0469A0037B734 /* PBXContainerItemProxy */ = {
			isa = PBXContainerItemProxy;
			containerPortal = 61DC49C62FF046960037B734 /* Project object */;
			proxyType = 1;
			remoteGlobalIDString = 61DC49CD2FF046960037B734;
			remoteInfo = Look_away;
		};
/* End PBXContainerItemProxy section */

/* Begin PBXFileReference section */
		154DF5E5469B8F736AF388F4 /* ReminderManager.swift */ = {isa = PBXFileReference; includeInIndex = 1; lastKnownFileType = sourcecode.swift; name = ReminderManager.swift; path = Managers/ReminderManager.swift; sourceTree = "<group>"; };
		158F7B0C6B4B0BE439595FC3 /* AppDelegate.swift */ = {isa = PBXFileReference; includeInIndex = 1; lastKnownFileType = sourcecode.swift; path = AppDelegate.swift; sourceTree = "<group>"; };
		15FA3DDB616A1046EE66C073 /* ReminderInterval.swift */ = {isa = PBXFileReference; includeInIndex = 1; lastKnownFileType = sourcecode.swift; name = ReminderInterval.swift; path = Models/ReminderInterval.swift; sourceTree = "<group>"; };
		3DA3FAF8FCED16A59399FE1E /* WidgetEdge.swift */ = {isa = PBXFileReference; includeInIndex = 1; lastKnownFileType = sourcecode.swift; name = WidgetEdge.swift; path = Models/WidgetEdge.swift; sourceTree = "<group>"; };
		9EEACBC31FCA4D1E877ACE55 /* WidgetShape.swift */ = {isa = PBXFileReference; includeInIndex = 1; lastKnownFileType = sourcecode.swift; name = WidgetShape.swift; path = Models/WidgetShape.swift; sourceTree = "<group>"; };
		A92753A783764BC3A1E440AC /* WidgetColorOption.swift */ = {isa = PBXFileReference; includeInIndex = 1; lastKnownFileType = sourcecode.swift; name = WidgetColorOption.swift; path = Models/WidgetColorOption.swift; sourceTree = "<group>"; };
		3E3B070A56538C969DFEB3BD /* WindowDragHandle.swift */ = {isa = PBXFileReference; includeInIndex = 1; lastKnownFileType = sourcecode.swift; name = WindowDragHandle.swift; path = UI/WindowDragHandle.swift; sourceTree = "<group>"; };
		61DC49CE2FF046960037B734 /* Look_away.app */ = {isa = PBXFileReference; explicitFileType = wrapper.application; includeInIndex = 0; path = Look_away.app; sourceTree = BUILT_PRODUCTS_DIR; };
		61DC49D12FF046960037B734 /* Look_awayApp.swift */ = {isa = PBXFileReference; lastKnownFileType = sourcecode.swift; path = Look_awayApp.swift; sourceTree = "<group>"; };
		61DC49D52FF0469A0037B734 /* Assets.xcassets */ = {isa = PBXFileReference; lastKnownFileType = folder.assetcatalog; path = Assets.xcassets; sourceTree = "<group>"; };
		61DC49D82FF0469A0037B734 /* Preview Assets.xcassets */ = {isa = PBXFileReference; lastKnownFileType = folder.assetcatalog; path = "Preview Assets.xcassets"; sourceTree = "<group>"; };
		61DC49DA2FF0469A0037B734 /* Look_away.entitlements */ = {isa = PBXFileReference; lastKnownFileType = text.plist.entitlements; path = Look_away.entitlements; sourceTree = "<group>"; };
		61DC49DF2FF0469A0037B734 /* Look_awayTests.xctest */ = {isa = PBXFileReference; explicitFileType = wrapper.cfbundle; includeInIndex = 0; path = Look_awayTests.xctest; sourceTree = BUILT_PRODUCTS_DIR; };
		61DC49E32FF0469A0037B734 /* Look_awayTests.swift */ = {isa = PBXFileReference; lastKnownFileType = sourcecode.swift; path = Look_awayTests.swift; sourceTree = "<group>"; };
		61DC49E92FF0469A0037B734 /* Look_awayUITests.xctest */ = {isa = PBXFileReference; explicitFileType = wrapper.cfbundle; includeInIndex = 0; path = Look_awayUITests.xctest; sourceTree = BUILT_PRODUCTS_DIR; };
		61DC49ED2FF0469A0037B734 /* Look_awayUITests.swift */ = {isa = PBXFileReference; lastKnownFileType = sourcecode.swift; path = Look_awayUITests.swift; sourceTree = "<group>"; };
		61DC49EF2FF0469A0037B734 /* Look_awayUITestsLaunchTests.swift */ = {isa = PBXFileReference; lastKnownFileType = sourcecode.swift; path = Look_awayUITestsLaunchTests.swift; sourceTree = "<group>"; };
		9E122CF63C8228B5253507B9 /* AppSettings.swift */ = {isa = PBXFileReference; includeInIndex = 1; lastKnownFileType = sourcecode.swift; name = AppSettings.swift; path = Models/AppSettings.swift; sourceTree = "<group>"; };
		B2867F8FA581FC5F3A03FA4B /* LaunchAtLoginManager.swift */ = {isa = PBXFileReference; includeInIndex = 1; lastKnownFileType = sourcecode.swift; name = LaunchAtLoginManager.swift; path = Managers/LaunchAtLoginManager.swift; sourceTree = "<group>"; };
		BAB413DD022C0FBCA6737FE1 /* SpeechBubbleView.swift */ = {isa = PBXFileReference; includeInIndex = 1; lastKnownFileType = sourcecode.swift; name = SpeechBubbleView.swift; path = UI/SpeechBubbleView.swift; sourceTree = "<group>"; };
		E137CA2D7612D4C1FB622926 /* StatusBarController.swift */ = {isa = PBXFileReference; includeInIndex = 1; lastKnownFileType = sourcecode.swift; name = StatusBarController.swift; path = UI/StatusBarController.swift; sourceTree = "<group>"; };
		E1453A27837F4B69FA20280E /* EyesView.swift */ = {isa = PBXFileReference; includeInIndex = 1; lastKnownFileType = sourcecode.swift; name = EyesView.swift; path = UI/EyesView.swift; sourceTree = "<group>"; };
		E21F5FD05AA99EEB71B181D9 /* WidgetWindowController.swift */ = {isa = PBXFileReference; includeInIndex = 1; lastKnownFileType = sourcecode.swift; name = WidgetWindowController.swift; path = UI/WidgetWindowController.swift; sourceTree = "<group>"; };
		E76270ABE2536D1C61692597 /* WidgetView.swift */ = {isa = PBXFileReference; includeInIndex = 1; lastKnownFileType = sourcecode.swift; name = WidgetView.swift; path = UI/WidgetView.swift; sourceTree = "<group>"; };
/* End PBXFileReference section */

/* Begin PBXFrameworksBuildPhase section */
		61DC49CB2FF046960037B734 /* Frameworks */ = {
			isa = PBXFrameworksBuildPhase;
			buildActionMask = 2147483647;
			files = (
			);
			runOnlyForDeploymentPostprocessing = 0;
		};
		61DC49DC2FF0469A0037B734 /* Frameworks */ = {
			isa = PBXFrameworksBuildPhase;
			buildActionMask = 2147483647;
			files = (
			);
			runOnlyForDeploymentPostprocessing = 0;
		};
		61DC49E62FF0469A0037B734 /* Frameworks */ = {
			isa = PBXFrameworksBuildPhase;
			buildActionMask = 2147483647;
			files = (
			);
			runOnlyForDeploymentPostprocessing = 0;
		};
/* End PBXFrameworksBuildPhase section */

/* Begin PBXGroup section */
		0138A83C25C92BDFE2F132D9 /* Models */ = {
			isa = PBXGroup;
			children = (
				15FA3DDB616A1046EE66C073 /* ReminderInterval.swift */,
				3DA3FAF8FCED16A59399FE1E /* WidgetEdge.swift */,
				9EEACBC31FCA4D1E877ACE55 /* WidgetShape.swift */,
				A92753A783764BC3A1E440AC /* WidgetColorOption.swift */,
				9E122CF63C8228B5253507B9 /* AppSettings.swift */,
			);
			name = Models;
			sourceTree = "<group>";
		};
		36C760A170FCD94034AF9EBC /* UI */ = {
			isa = PBXGroup;
			children = (
				E1453A27837F4B69FA20280E /* EyesView.swift */,
				BAB413DD022C0FBCA6737FE1 /* SpeechBubbleView.swift */,
				E76270ABE2536D1C61692597 /* WidgetView.swift */,
				E21F5FD05AA99EEB71B181D9 /* WidgetWindowController.swift */,
				E137CA2D7612D4C1FB622926 /* StatusBarController.swift */,
				3E3B070A56538C969DFEB3BD /* WindowDragHandle.swift */,
			);
			name = UI;
			sourceTree = "<group>";
		};
		61DC49C52FF046960037B734 = {
			isa = PBXGroup;
			children = (
				61DC49D02FF046960037B734 /* Look_away */,
				61DC49E22FF0469A0037B734 /* Look_awayTests */,
				61DC49EC2FF0469A0037B734 /* Look_awayUITests */,
				61DC49CF2FF046960037B734 /* Products */,
			);
			sourceTree = "<group>";
		};
		61DC49CF2FF046960037B734 /* Products */ = {
			isa = PBXGroup;
			children = (
				61DC49CE2FF046960037B734 /* Look_away.app */,
				61DC49DF2FF0469A0037B734 /* Look_awayTests.xctest */,
				61DC49E92FF0469A0037B734 /* Look_awayUITests.xctest */,
			);
			name = Products;
			sourceTree = "<group>";
		};
		61DC49D02FF046960037B734 /* Look_away */ = {
			isa = PBXGroup;
			children = (
				61DC49D12FF046960037B734 /* Look_awayApp.swift */,
				61DC49D52FF0469A0037B734 /* Assets.xcassets */,
				61DC49DA2FF0469A0037B734 /* Look_away.entitlements */,
				61DC49D72FF0469A0037B734 /* Preview Content */,
				158F7B0C6B4B0BE439595FC3 /* AppDelegate.swift */,
				0138A83C25C92BDFE2F132D9 /* Models */,
				A58D2CCB57EA449A64A4BEF1 /* Managers */,
				36C760A170FCD94034AF9EBC /* UI */,
			);
			path = Look_away;
			sourceTree = "<group>";
		};
		61DC49D72FF0469A0037B734 /* Preview Content */ = {
			isa = PBXGroup;
			children = (
				61DC49D82FF0469A0037B734 /* Preview Assets.xcassets */,
			);
			path = "Preview Content";
			sourceTree = "<group>";
		};
		61DC49E22FF0469A0037B734 /* Look_awayTests */ = {
			isa = PBXGroup;
			children = (
				61DC49E32FF0469A0037B734 /* Look_awayTests.swift */,
			);
			path = Look_awayTests;
			sourceTree = "<group>";
		};
		61DC49EC2FF0469A0037B734 /* Look_awayUITests */ = {
			isa = PBXGroup;
			children = (
				61DC49ED2FF0469A0037B734 /* Look_awayUITests.swift */,
				61DC49EF2FF0469A0037B734 /* Look_awayUITestsLaunchTests.swift */,
			);
			path = Look_awayUITests;
			sourceTree = "<group>";
		};
		A58D2CCB57EA449A64A4BEF1 /* Managers */ = {
			isa = PBXGroup;
			children = (
				154DF5E5469B8F736AF388F4 /* ReminderManager.swift */,
				B2867F8FA581FC5F3A03FA4B /* LaunchAtLoginManager.swift */,
			);
			name = Managers;
			sourceTree = "<group>";
		};
/* End PBXGroup section */

/* Begin PBXNativeTarget section */
		61DC49CD2FF046960037B734 /* Look_away */ = {
			isa = PBXNativeTarget;
			buildConfigurationList = 61DC49F32FF0469A0037B734 /* Build configuration list for PBXNativeTarget "Look_away" */;
			buildPhases = (
				61DC49CA2FF046960037B734 /* Sources */,
				61DC49CB2FF046960037B734 /* Frameworks */,
				61DC49CC2FF046960037B734 /* Resources */,
			);
			buildRules = (
			);
			dependencies = (
			);
			name = Look_away;
			productName = Look_away;
			productReference = 61DC49CE2FF046960037B734 /* Look_away.app */;
			productType = "com.apple.product-type.application";
		};
		61DC49DE2FF0469A0037B734 /* Look_awayTests */ = {
			isa = PBXNativeTarget;
			buildConfigurationList = 61DC49F62FF0469A0037B734 /* Build configuration list for PBXNativeTarget "Look_awayTests" */;
			buildPhases = (
				61DC49DB2FF0469A0037B734 /* Sources */,
				61DC49DC2FF0469A0037B734 /* Frameworks */,
				61DC49DD2FF0469A0037B734 /* Resources */,
			);
			buildRules = (
			);
			dependencies = (
				61DC49E12FF0469A0037B734 /* PBXTargetDependency */,
			);
			name = Look_awayTests;
			productName = Look_awayTests;
			productReference = 61DC49DF2FF0469A0037B734 /* Look_awayTests.xctest */;
			productType = "com.apple.product-type.bundle.unit-test";
		};
		61DC49E82FF0469A0037B734 /* Look_awayUITests */ = {
			isa = PBXNativeTarget;
			buildConfigurationList = 61DC49F92FF0469A0037B734 /* Build configuration list for PBXNativeTarget "Look_awayUITests" */;
			buildPhases = (
				61DC49E52FF0469A0037B734 /* Sources */,
				61DC49E62FF0469A0037B734 /* Frameworks */,
				61DC49E72FF0469A0037B734 /* Resources */,
			);
			buildRules = (
			);
			dependencies = (
				61DC49EB2FF0469A0037B734 /* PBXTargetDependency */,
			);
			name = Look_awayUITests;
			productName = Look_awayUITests;
			productReference = 61DC49E92FF0469A0037B734 /* Look_awayUITests.xctest */;
			productType = "com.apple.product-type.bundle.ui-testing";
		};
/* End PBXNativeTarget section */

/* Begin PBXProject section */
		61DC49C62FF046960037B734 /* Project object */ = {
			isa = PBXProject;
			attributes = {
				BuildIndependentTargetsInParallel = 1;
				LastSwiftUpdateCheck = 1520;
				LastUpgradeCheck = 1520;
				TargetAttributes = {
					61DC49CD2FF046960037B734 = {
						CreatedOnToolsVersion = 15.2;
					};
					61DC49DE2FF0469A0037B734 = {
						CreatedOnToolsVersion = 15.2;
						TestTargetID = 61DC49CD2FF046960037B734;
					};
					61DC49E82FF0469A0037B734 = {
						CreatedOnToolsVersion = 15.2;
						TestTargetID = 61DC49CD2FF046960037B734;
					};
				};
			};
			buildConfigurationList = 61DC49C92FF046960037B734 /* Build configuration list for PBXProject "Look_away" */;
			compatibilityVersion = "Xcode 14.0";
			developmentRegion = en;
			hasScannedForEncodings = 0;
			knownRegions = (
				en,
				Base,
			);
			mainGroup = 61DC49C52FF046960037B734;
			productRefGroup = 61DC49CF2FF046960037B734 /* Products */;
			projectDirPath = "";
			projectRoot = "";
			targets = (
				61DC49CD2FF046960037B734 /* Look_away */,
				61DC49DE2FF0469A0037B734 /* Look_awayTests */,
				61DC49E82FF0469A0037B734 /* Look_awayUITests */,
			);
		};
/* End PBXProject section */

/* Begin PBXResourcesBuildPhase section */
		61DC49CC2FF046960037B734 /* Resources */ = {
			isa = PBXResourcesBuildPhase;
			buildActionMask = 2147483647;
			files = (
				61DC49D92FF0469A0037B734 /* Preview Assets.xcassets in Resources */,
				61DC49D62FF0469A0037B734 /* Assets.xcassets in Resources */,
			);
			runOnlyForDeploymentPostprocessing = 0;
		};
		61DC49DD2FF0469A0037B734 /* Resources */ = {
			isa = PBXResourcesBuildPhase;
			buildActionMask = 2147483647;
			files = (
			);
			runOnlyForDeploymentPostprocessing = 0;
		};
		61DC49E72FF0469A0037B734 /* Resources */ = {
			isa = PBXResourcesBuildPhase;
			buildActionMask = 2147483647;
			files = (
			);
			runOnlyForDeploymentPostprocessing = 0;
		};
/* End PBXResourcesBuildPhase section */

/* Begin PBXSourcesBuildPhase section */
		61DC49CA2FF046960037B734 /* Sources */ = {
			isa = PBXSourcesBuildPhase;
			buildActionMask = 2147483647;
			files = (
				61DC49D22FF046960037B734 /* Look_awayApp.swift in Sources */,
				C668732058B9F4BBFC760939 /* AppDelegate.swift in Sources */,
				85DBB6FA9237C60597DFAEAE /* ReminderInterval.swift in Sources */,
				86963C9D6302C69DBC18326C /* WidgetEdge.swift in Sources */,
				3EC9B771D22C468F89ED2D06 /* WidgetShape.swift in Sources */,
				C726223264FF4ACFA8142354 /* WidgetColorOption.swift in Sources */,
				00C7AF0A1B3F49E0AE677667 /* AppSettings.swift in Sources */,
				6CA287EDE34A81A5085F2BCB /* ReminderManager.swift in Sources */,
				DBE0F1E50322F1C4FD2462DD /* LaunchAtLoginManager.swift in Sources */,
				DE83212C2BF3D13B61D0576B /* EyesView.swift in Sources */,
				025BD0C09F892017B0905313 /* SpeechBubbleView.swift in Sources */,
				9277CE583CB5F1AEE9706068 /* WidgetView.swift in Sources */,
				02E848A4CBCC09B523E2F137 /* WidgetWindowController.swift in Sources */,
				5901B6D2B5C1EF69AC0E9985 /* StatusBarController.swift in Sources */,
				53193F7C796C0DF7E47CDBE6 /* WindowDragHandle.swift in Sources */,
			);
			runOnlyForDeploymentPostprocessing = 0;
		};
		61DC49DB2FF0469A0037B734 /* Sources */ = {
			isa = PBXSourcesBuildPhase;
			buildActionMask = 2147483647;
			files = (
				61DC49E42FF0469A0037B734 /* Look_awayTests.swift in Sources */,
			);
			runOnlyForDeploymentPostprocessing = 0;
		};
		61DC49E52FF0469A0037B734 /* Sources */ = {
			isa = PBXSourcesBuildPhase;
			buildActionMask = 2147483647;
			files = (
				61DC49EE2FF0469A0037B734 /* Look_awayUITests.swift in Sources */,
				61DC49F02FF0469A0037B734 /* Look_awayUITestsLaunchTests.swift in Sources */,
			);
			runOnlyForDeploymentPostprocessing = 0;
		};
/* End PBXSourcesBuildPhase section */

/* Begin PBXTargetDependency section */
		61DC49E12FF0469A0037B734 /* PBXTargetDependency */ = {
			isa = PBXTargetDependency;
			target = 61DC49CD2FF046960037B734 /* Look_away */;
			targetProxy = 61DC49E02FF0469A0037B734 /* PBXContainerItemProxy */;
		};
		61DC49EB2FF0469A0037B734 /* PBXTargetDependency */ = {
			isa = PBXTargetDependency;
			target = 61DC49CD2FF046960037B734 /* Look_away */;
			targetProxy = 61DC49EA2FF0469A0037B734 /* PBXContainerItemProxy */;
		};
/* End PBXTargetDependency section */

/* Begin XCBuildConfiguration section */
		61DC49F12FF0469A0037B734 /* Debug */ = {
			isa = XCBuildConfiguration;
			buildSettings = {
				ALWAYS_SEARCH_USER_PATHS = NO;
				ASSETCATALOG_COMPILER_GENERATE_SWIFT_ASSET_SYMBOL_EXTENSIONS = YES;
				CLANG_ANALYZER_NONNULL = YES;
				CLANG_ANALYZER_NUMBER_OBJECT_CONVERSION = YES_AGGRESSIVE;
				CLANG_CXX_LANGUAGE_STANDARD = "gnu++20";
				CLANG_ENABLE_MODULES = YES;
				CLANG_ENABLE_OBJC_ARC = YES;
				CLANG_ENABLE_OBJC_WEAK = YES;
				CLANG_WARN_BLOCK_CAPTURE_AUTORELEASING = YES;
				CLANG_WARN_BOOL_CONVERSION = YES;
				CLANG_WARN_COMMA = YES;
				CLANG_WARN_CONSTANT_CONVERSION = YES;
				CLANG_WARN_DEPRECATED_OBJC_IMPLEMENTATIONS = YES;
				CLANG_WARN_DIRECT_OBJC_ISA_USAGE = YES_ERROR;
				CLANG_WARN_DOCUMENTATION_COMMENTS = YES;
				CLANG_WARN_EMPTY_BODY = YES;
				CLANG_WARN_ENUM_CONVERSION = YES;
				CLANG_WARN_INFINITE_RECURSION = YES;
				CLANG_WARN_INT_CONVERSION = YES;
				CLANG_WARN_NON_LITERAL_NULL_CONVERSION = YES;
				CLANG_WARN_OBJC_IMPLICIT_RETAIN_SELF = YES;
				CLANG_WARN_OBJC_LITERAL_CONVERSION = YES;
				CLANG_WARN_OBJC_ROOT_CLASS = YES_ERROR;
				CLANG_WARN_QUOTED_INCLUDE_IN_FRAMEWORK_HEADER = YES;
				CLANG_WARN_RANGE_LOOP_ANALYSIS = YES;
				CLANG_WARN_STRICT_PROTOTYPES = YES;
				CLANG_WARN_SUSPICIOUS_MOVE = YES;
				CLANG_WARN_UNGUARDED_AVAILABILITY = YES_AGGRESSIVE;
				CLANG_WARN_UNREACHABLE_CODE = YES;
				CLANG_WARN__DUPLICATE_METHOD_MATCH = YES;
				COPY_PHASE_STRIP = NO;
				DEBUG_INFORMATION_FORMAT = dwarf;
				ENABLE_STRICT_OBJC_MSGSEND = YES;
				ENABLE_TESTABILITY = YES;
				ENABLE_USER_SCRIPT_SANDBOXING = YES;
				GCC_C_LANGUAGE_STANDARD = gnu17;
				GCC_DYNAMIC_NO_PIC = NO;
				GCC_NO_COMMON_BLOCKS = YES;
				GCC_OPTIMIZATION_LEVEL = 0;
				GCC_PREPROCESSOR_DEFINITIONS = (
					"DEBUG=1",
					"$(inherited)",
				);
				GCC_WARN_64_TO_32_BIT_CONVERSION = YES;
				GCC_WARN_ABOUT_RETURN_TYPE = YES_ERROR;
				GCC_WARN_UNDECLARED_SELECTOR = YES;
				GCC_WARN_UNINITIALIZED_AUTOS = YES_AGGRESSIVE;
				GCC_WARN_UNUSED_FUNCTION = YES;
				GCC_WARN_UNUSED_VARIABLE = YES;
				LOCALIZATION_PREFERS_STRING_CATALOGS = YES;
				MACOSX_DEPLOYMENT_TARGET = 13.7;
				MTL_ENABLE_DEBUG_INFO = INCLUDE_SOURCE;
				MTL_FAST_MATH = YES;
				ONLY_ACTIVE_ARCH = YES;
				SDKROOT = macosx;
				SWIFT_ACTIVE_COMPILATION_CONDITIONS = "DEBUG $(inherited)";
				SWIFT_OPTIMIZATION_LEVEL = "-Onone";
			};
			name = Debug;
		};
		61DC49F22FF0469A0037B734 /* Release */ = {
			isa = XCBuildConfiguration;
			buildSettings = {
				ALWAYS_SEARCH_USER_PATHS = NO;
				ASSETCATALOG_COMPILER_GENERATE_SWIFT_ASSET_SYMBOL_EXTENSIONS = YES;
				CLANG_ANALYZER_NONNULL = YES;
				CLANG_ANALYZER_NUMBER_OBJECT_CONVERSION = YES_AGGRESSIVE;
				CLANG_CXX_LANGUAGE_STANDARD = "gnu++20";
				CLANG_ENABLE_MODULES = YES;
				CLANG_ENABLE_OBJC_ARC = YES;
				CLANG_ENABLE_OBJC_WEAK = YES;
				CLANG_WARN_BLOCK_CAPTURE_AUTORELEASING = YES;
				CLANG_WARN_BOOL_CONVERSION = YES;
				CLANG_WARN_COMMA = YES;
				CLANG_WARN_CONSTANT_CONVERSION = YES;
				CLANG_WARN_DEPRECATED_OBJC_IMPLEMENTATIONS = YES;
				CLANG_WARN_DIRECT_OBJC_ISA_USAGE = YES_ERROR;
				CLANG_WARN_DOCUMENTATION_COMMENTS = YES;
				CLANG_WARN_EMPTY_BODY = YES;
				CLANG_WARN_ENUM_CONVERSION = YES;
				CLANG_WARN_INFINITE_RECURSION = YES;
				CLANG_WARN_INT_CONVERSION = YES;
				CLANG_WARN_NON_LITERAL_NULL_CONVERSION = YES;
				CLANG_WARN_OBJC_IMPLICIT_RETAIN_SELF = YES;
				CLANG_WARN_OBJC_LITERAL_CONVERSION = YES;
				CLANG_WARN_OBJC_ROOT_CLASS = YES_ERROR;
				CLANG_WARN_QUOTED_INCLUDE_IN_FRAMEWORK_HEADER = YES;
				CLANG_WARN_RANGE_LOOP_ANALYSIS = YES;
				CLANG_WARN_STRICT_PROTOTYPES = YES;
				CLANG_WARN_SUSPICIOUS_MOVE = YES;
				CLANG_WARN_UNGUARDED_AVAILABILITY = YES_AGGRESSIVE;
				CLANG_WARN_UNREACHABLE_CODE = YES;
				CLANG_WARN__DUPLICATE_METHOD_MATCH = YES;
				COPY_PHASE_STRIP = NO;
				DEBUG_INFORMATION_FORMAT = "dwarf-with-dsym";
				ENABLE_NS_ASSERTIONS = NO;
				ENABLE_STRICT_OBJC_MSGSEND = YES;
				ENABLE_USER_SCRIPT_SANDBOXING = YES;
				GCC_C_LANGUAGE_STANDARD = gnu17;
				GCC_NO_COMMON_BLOCKS = YES;
				GCC_WARN_64_TO_32_BIT_CONVERSION = YES;
				GCC_WARN_ABOUT_RETURN_TYPE = YES_ERROR;
				GCC_WARN_UNDECLARED_SELECTOR = YES;
				GCC_WARN_UNINITIALIZED_AUTOS = YES_AGGRESSIVE;
				GCC_WARN_UNUSED_FUNCTION = YES;
				GCC_WARN_UNUSED_VARIABLE = YES;
				LOCALIZATION_PREFERS_STRING_CATALOGS = YES;
				MACOSX_DEPLOYMENT_TARGET = 13.7;
				MTL_ENABLE_DEBUG_INFO = NO;
				MTL_FAST_MATH = YES;
				SDKROOT = macosx;
				SWIFT_COMPILATION_MODE = wholemodule;
			};
			name = Release;
		};
		61DC49F42FF0469A0037B734 /* Debug */ = {
			isa = XCBuildConfiguration;
			buildSettings = {
				ASSETCATALOG_COMPILER_APPICON_NAME = AppIcon;
				ASSETCATALOG_COMPILER_GLOBAL_ACCENT_COLOR_NAME = AccentColor;
				CODE_SIGN_ENTITLEMENTS = Look_away/Look_away.entitlements;
				CODE_SIGN_STYLE = Automatic;
				COMBINE_HIDPI_IMAGES = YES;
				CURRENT_PROJECT_VERSION = 1;
				DEVELOPMENT_ASSET_PATHS = "\"Look_away/Preview Content\"";
				DEVELOPMENT_TEAM = AT5Q7M8KDP;
				ENABLE_HARDENED_RUNTIME = YES;
				ENABLE_PREVIEWS = YES;
				GENERATE_INFOPLIST_FILE = YES;
				INFOPLIST_KEY_LSUIElement = YES;
				INFOPLIST_KEY_NSHumanReadableCopyright = "";
				LD_RUNPATH_SEARCH_PATHS = (
					"$(inherited)",
					"@executable_path/../Frameworks",
				);
				MARKETING_VERSION = 1.0;
				PRODUCT_BUNDLE_IDENTIFIER = "tj.Look-away";
				PRODUCT_NAME = "$(TARGET_NAME)";
				SWIFT_EMIT_LOC_STRINGS = YES;
				SWIFT_VERSION = 5.0;
			};
			name = Debug;
		};
		61DC49F52FF0469A0037B734 /* Release */ = {
			isa = XCBuildConfiguration;
			buildSettings = {
				ASSETCATALOG_COMPILER_APPICON_NAME = AppIcon;
				ASSETCATALOG_COMPILER_GLOBAL_ACCENT_COLOR_NAME = AccentColor;
				CODE_SIGN_ENTITLEMENTS = Look_away/Look_away.entitlements;
				CODE_SIGN_STYLE = Automatic;
				COMBINE_HIDPI_IMAGES = YES;
				CURRENT_PROJECT_VERSION = 1;
				DEVELOPMENT_ASSET_PATHS = "\"Look_away/Preview Content\"";
				DEVELOPMENT_TEAM = AT5Q7M8KDP;
				ENABLE_HARDENED_RUNTIME = YES;
				ENABLE_PREVIEWS = YES;
				GENERATE_INFOPLIST_FILE = YES;
				INFOPLIST_KEY_LSUIElement = YES;
				INFOPLIST_KEY_NSHumanReadableCopyright = "";
				LD_RUNPATH_SEARCH_PATHS = (
					"$(inherited)",
					"@executable_path/../Frameworks",
				);
				MARKETING_VERSION = 1.0;
				PRODUCT_BUNDLE_IDENTIFIER = "tj.Look-away";
				PRODUCT_NAME = "$(TARGET_NAME)";
				SWIFT_EMIT_LOC_STRINGS = YES;
				SWIFT_VERSION = 5.0;
			};
			name = Release;
		};
		61DC49F72FF0469A0037B734 /* Debug */ = {
			isa = XCBuildConfiguration;
			buildSettings = {
				ALWAYS_EMBED_SWIFT_STANDARD_LIBRARIES = YES;
				BUNDLE_LOADER = "$(TEST_HOST)";
				CODE_SIGN_STYLE = Automatic;
				CURRENT_PROJECT_VERSION = 1;
				DEVELOPMENT_TEAM = AT5Q7M8KDP;
				GENERATE_INFOPLIST_FILE = YES;
				MACOSX_DEPLOYMENT_TARGET = 13.7;
				MARKETING_VERSION = 1.0;
				PRODUCT_BUNDLE_IDENTIFIER = "tj.Look-awayTests";
				PRODUCT_NAME = "$(TARGET_NAME)";
				SWIFT_EMIT_LOC_STRINGS = NO;
				SWIFT_VERSION = 5.0;
				TEST_HOST = "$(BUILT_PRODUCTS_DIR)/Look_away.app/$(BUNDLE_EXECUTABLE_FOLDER_PATH)/Look_away";
			};
			name = Debug;
		};
		61DC49F82FF0469A0037B734 /* Release */ = {
			isa = XCBuildConfiguration;
			buildSettings = {
				ALWAYS_EMBED_SWIFT_STANDARD_LIBRARIES = YES;
				BUNDLE_LOADER = "$(TEST_HOST)";
				CODE_SIGN_STYLE = Automatic;
				CURRENT_PROJECT_VERSION = 1;
				DEVELOPMENT_TEAM = AT5Q7M8KDP;
				GENERATE_INFOPLIST_FILE = YES;
				MACOSX_DEPLOYMENT_TARGET = 13.7;
				MARKETING_VERSION = 1.0;
				PRODUCT_BUNDLE_IDENTIFIER = "tj.Look-awayTests";
				PRODUCT_NAME = "$(TARGET_NAME)";
				SWIFT_EMIT_LOC_STRINGS = NO;
				SWIFT_VERSION = 5.0;
				TEST_HOST = "$(BUILT_PRODUCTS_DIR)/Look_away.app/$(BUNDLE_EXECUTABLE_FOLDER_PATH)/Look_away";
			};
			name = Release;
		};
		61DC49FA2FF0469A0037B734 /* Debug */ = {
			isa = XCBuildConfiguration;
			buildSettings = {
				ALWAYS_EMBED_SWIFT_STANDARD_LIBRARIES = YES;
				CODE_SIGN_STYLE = Automatic;
				CURRENT_PROJECT_VERSION = 1;
				DEVELOPMENT_TEAM = AT5Q7M8KDP;
				GENERATE_INFOPLIST_FILE = YES;
				MARKETING_VERSION = 1.0;
				PRODUCT_BUNDLE_IDENTIFIER = "tj.Look-awayUITests";
				PRODUCT_NAME = "$(TARGET_NAME)";
				SWIFT_EMIT_LOC_STRINGS = NO;
				SWIFT_VERSION = 5.0;
				TEST_TARGET_NAME = Look_away;
			};
			name = Debug;
		};
		61DC49FB2FF0469A0037B734 /* Release */ = {
			isa = XCBuildConfiguration;
			buildSettings = {
				ALWAYS_EMBED_SWIFT_STANDARD_LIBRARIES = YES;
				CODE_SIGN_STYLE = Automatic;
				CURRENT_PROJECT_VERSION = 1;
				DEVELOPMENT_TEAM = AT5Q7M8KDP;
				GENERATE_INFOPLIST_FILE = YES;
				MARKETING_VERSION = 1.0;
				PRODUCT_BUNDLE_IDENTIFIER = "tj.Look-awayUITests";
				PRODUCT_NAME = "$(TARGET_NAME)";
				SWIFT_EMIT_LOC_STRINGS = NO;
				SWIFT_VERSION = 5.0;
				TEST_TARGET_NAME = Look_away;
			};
			name = Release;
		};
/* End XCBuildConfiguration section */

/* Begin XCConfigurationList section */
		61DC49C92FF046960037B734 /* Build configuration list for PBXProject "Look_away" */ = {
			isa = XCConfigurationList;
			buildConfigurations = (
				61DC49F12FF0469A0037B734 /* Debug */,
				61DC49F22FF0469A0037B734 /* Release */,
			);
			defaultConfigurationIsVisible = 0;
			defaultConfigurationName = Release;
		};
		61DC49F32FF0469A0037B734 /* Build configuration list for PBXNativeTarget "Look_away" */ = {
			isa = XCConfigurationList;
			buildConfigurations = (
				61DC49F42FF0469A0037B734 /* Debug */,
				61DC49F52FF0469A0037B734 /* Release */,
			);
			defaultConfigurationIsVisible = 0;
			defaultConfigurationName = Release;
		};
		61DC49F62FF0469A0037B734 /* Build configuration list for PBXNativeTarget "Look_awayTests" */ = {
			isa = XCConfigurationList;
			buildConfigurations = (
				61DC49F72FF0469A0037B734 /* Debug */,
				61DC49F82FF0469A0037B734 /* Release */,
			);
			defaultConfigurationIsVisible = 0;
			defaultConfigurationName = Release;
		};
		61DC49F92FF0469A0037B734 /* Build configuration list for PBXNativeTarget "Look_awayUITests" */ = {
			isa = XCConfigurationList;
			buildConfigurations = (
				61DC49FA2FF0469A0037B734 /* Debug */,
				61DC49FB2FF0469A0037B734 /* Release */,
			);
			defaultConfigurationIsVisible = 0;
			defaultConfigurationName = Release;
		};
/* End XCConfigurationList section */
	};
	rootObject = 61DC49C62FF046960037B734 /* Project object */;
}
